# Code generated by scarb DO NOT EDIT.
version = 1

[[package]]
name = "garaga"
version = "0.15.2"
source = "git+https://github.com/keep-starknet-strange/garaga.git?rev=993e73a8462d2b6b4d9152bd8cb0a6fed361d1ba#993e73a8462d2b6b4d9152bd8cb0a6fed361d1ba"

[[package]]
name = "verifier"
version = "0.1.0"
dependencies = [
 "garaga",
]
